
Microsoft Visual Studio Solution File, Format Version 12.00
# Visual Studio 15
VisualStudioVersion = 15.0.28307.779
MinimumVisualStudioVersion = 10.0.40219.1
Project("{FAE04EC0-301F-11D3-BF4B-00C04F79EFBC}") = "test-177-app", "test-177-app\test-177-app.csproj", "{7B5C868F-7971-4A8E-9F97-77E932E5F796}"
EndProject
Global
	GlobalSection(SolutionConfigurationPlatforms) = preSolution
		Debug|Any CPU = Debug|Any CPU
		Release|Any CPU = Release|Any CPU
	EndGlobalSection
	GlobalSection(ProjectConfigurationPlatforms) = postSolution
		{7B5C868F-7971-4A8E-9F97-77E932E5F796}.Debug|Any CPU.ActiveCfg = Debug|Any CPU
		{7B5C868F-7971-4A8E-9F97-77E932E5F796}.Debug|Any CPU.Build.0 = Debug|Any CPU
		{7B5C868F-7971-4A8E-9F97-77E932E5F796}.Release|Any CPU.ActiveCfg = Release|Any CPU
		{7B5C868F-7971-4A8E-9F97-77E932E5F796}.Release|Any CPU.Build.0 = Release|Any CPU
	EndGlobalSection
	GlobalSection(SolutionProperties) = preSolution
		HideSolutionNode = FALSE
	EndGlobalSection
	GlobalSection(ExtensibilityGlobals) = postSolution
		SolutionGuid = {8BD3714E-C14B-4DD6-984C-E05A4255705D}
	EndGlobalSection
EndGlobal
